// !$*UTF8*$!
{
	archiveVersion = 1;
	classes = {
	};
	objectVersion = 50;
	objects = {

/* Begin PBXBuildFile section */
		08D11E242504FEC3008EA113 /* AppDelegate.swift in Sources */ = {isa = PBXBuildFile; fileRef = 08D11E232504FEC3008EA113 /* AppDelegate.swift */; };
		08D11E262504FEC3008EA113 /* SceneDelegate.swift in Sources */ = {isa = PBXBuildFile; fileRef = 08D11E252504FEC3008EA113 /* SceneDelegate.swift */; };
		08D11E282504FEC3008EA113 /* ViewController.swift in Sources */ = {isa = PBXBuildFile; fileRef = 08D11E272504FEC3008EA113 /* ViewController.swift */; };
		08D11E2B2504FEC3008EA113 /* Main.storyboard in Resources */ = {isa = PBXBuildFile; fileRef = 08D11E292504FEC3008EA113 /* Main.storyboard */; };
		08D11E2D2504FEC3008EA113 /* Assets.xcassets in Resources */ = {isa = PBXBuildFile; fileRef = 08D11E2C2504FEC3008EA113 /* Assets.xcassets */; };
		08D11E302504FEC3008EA113 /* LaunchScreen.storyboard in Resources */ = {isa = PBXBuildFile; fileRef = 08D11E2E2504FEC3008EA113 /* LaunchScreen.storyboard */; };
/* End PBXBuildFile section */

/* Begin PBXFileReference section */
		08D11E202504FEC3008EA113 /* MyDatePicker.app */ = {isa = PBXFileReference; explicitFileType = wrapper.application; includeInIndex = 0; path = MyDatePicker.app; sourceTree = BUILT_PRODUCTS_DIR; };
		08D11E232504FEC3008EA113 /* AppDelegate.swift */ = {isa = PBXFileReference; lastKnownFileType = sourcecode.swift; path = AppDelegate.swift; sourceTree = "<group>"; };
		08D11E252504FEC3008EA113 /* SceneDelegate.swift */ = {isa = PBXFileReference; lastKnownFileType = sourcecode.swift; path = SceneDelegate.swift; sourceTree = "<group>"; };
		08D11E272504FEC3008EA113 /* ViewController.swift */ = {isa = PBXFileReference; lastKnownFileType = sourcecode.swift; path = ViewController.swift; sourceTree = "<group>"; };
		08D11E2A2504FEC3008EA113 /* Base */ = {isa = PBXFileReference; lastKnownFileType = file.storyboard; name = Base; path = Base.lproj/Main.storyboard; sourceTree = "<group>"; };
		08D11E2C2504FEC3008EA113 /* Assets.xcassets */ = {isa = PBXFileReference; lastKnownFileType = folder.assetcatalog; path = Assets.xcassets; sourceTree = "<group>"; };
		08D11E2F2504FEC3008EA113 /* Base */ = {isa = PBXFileReference; lastKnownFileType = file.storyboard; name = Base; path = Base.lproj/LaunchScreen.storyboard; sourceTree = "<group>"; };
		08D11E312504FEC3008EA113 /* Info.plist */ = {isa = PBXFileReference; lastKnownFileType = text.plist.xml; path = Info.plist; sourceTree = "<group>"; };
/* End PBXFileReference section */

/* Begin PBXFrameworksBuildPhase section */
		08D11E1D2504FEC3008EA113 /* Frameworks */ = {
			isa = PBXFrameworksBuildPhase;
			buildActionMask = 2147483647;
			files = (
			);
			runOnlyForDeploymentPostprocessing = 0;
		};
/* End PBXFrameworksBuildPhase section */

/* Begin PBXGroup section */
		08D11E172504FEC3008EA113 = {
			isa = PBXGroup;
			children = (
				08D11E222504FEC3008EA113 /* MyDatePicker */,
				08D11E212504FEC3008EA113 /* Products */,
			);
			sourceTree = "<group>";
		};
		08D11E212504FEC3008EA113 /* Products */ = {
			isa = PBXGroup;
			children = (
				08D11E202504FEC3008EA113 /* MyDatePicker.app */,
			);
			name = Products;
			sourceTree = "<group>";
		};
		08D11E222504FEC3008EA113 /* MyDatePicker */ = {
			isa = PBXGroup;
			children = (
				08D11E232504FEC3008EA113 /* AppDelegate.swift */,
				08D11E252504FEC3008EA113 /* SceneDelegate.swift */,
				08D11E272504FEC3008EA113 /* ViewController.swift */,
				08D11E292504FEC3008EA113 /* Main.storyboard */,
				08D11E2C2504FEC3008EA113 /* Assets.xcassets */,
				08D11E2E2504FEC3008EA113 /* LaunchScreen.storyboard */,
				08D11E312504FEC3008EA113 /* Info.plist */,
			);
			path = MyDatePicker;
			sourceTree = "<group>";
		};
/* End PBXGroup section */

/* Begin PBXNativeTarget section */
		08D11E1F2504FEC3008EA113 /* MyDatePicker */ = {
			isa = PBXNativeTarget;
			buildConfigurationList = 08D11E342504FEC3008EA113 /* Build configuration list for PBXNativeTarget "MyDatePicker" */;
			buildPhases = (
				08D11E1C2504FEC3008EA113 /* Sources */,
				08D11E1D2504FEC3008EA113 /* Frameworks */,
				08D11E1E2504FEC3008EA113 /* Resources */,
			);
			buildRules = (
			);
			dependencies = (
			);
			name = MyDatePicker;
			productName = MyDatePicker;
			productReference = 08D11E202504FEC3008EA113 /* MyDatePicker.app */;
			productType = "com.apple.product-type.application";
		};
/* End PBXNativeTarget section */

/* Begin PBXProject section */
		08D11E182504FEC3008EA113 /* Project object */ = {
			isa = PBXProject;
			attributes = {
				LastSwiftUpdateCheck = 1170;
				LastUpgradeCheck = 1170;
				ORGANIZATIONNAME = thoonk;
				TargetAttributes = {
					08D11E1F2504FEC3008EA113 = {
						CreatedOnToolsVersion = 11.7;
					};
				};
			};
			buildConfigurationList = 08D11E1B2504FEC3008EA113 /* Build configuration list for PBXProject "MyDatePicker" */;
			compatibilityVersion = "Xcode 9.3";
			developmentRegion = en;
			hasScannedForEncodings = 0;
			knownRegions = (
				en,
				Base,
			);
			mainGroup = 08D11E172504FEC3008EA113;
			productRefGroup = 08D11E212504FEC3008EA113 /* Products */;
			projectDirPath = "";
			projectRoot = "";
			targets = (
				08D11E1F2504FEC3008EA113 /* MyDatePicker */,
			);
		};
/* End PBXProject section */

/* Begin PBXResourcesBuildPhase section */
		08D11E1E2504FEC3008EA113 /* Resources */ = {
			isa = PBXResourcesBuildPhase;
			buildActionMask = 2147483647;
			files = (
				08D11E302504FEC3008EA113 /* LaunchScreen.storyboard in Resources */,
				08D11E2D2504FEC3008EA113 /* Assets.xcassets in Resources */,
				08D11E2B2504FEC3008EA113 /* Main.storyboard in Resources */,
			);
			runOnlyForDeploymentPostprocessing = 0;
		};
/* End PBXResourcesBuildPhase section */

/* Begin PBXSourcesBuildPhase section */
		08D11E1C2504FEC3008EA113 /* Sources */ = {
			isa = PBXSourcesBuildPhase;
			buildActionMask = 2147483647;
			files = (
				08D11E282504FEC3008EA113 /* ViewController.swift in Sources */,
				08D11E242504FEC3008EA113 /* AppDelegate.swift in Sources */,
				08D11E262504FEC3008EA113 /* SceneDelegate.swift in Sources */,
			);
			runOnlyForDeploymentPostprocessing = 0;
		};
/* End PBXSourcesBuildPhase section */

/* Begin PBXVariantGroup section */
		08D11E292504FEC3008EA113 /* Main.storyboard */ = {
			isa = PBXVariantGroup;
			children = (
				08D11E2A2504FEC3008EA113 /* Base */,
			);
			name = Main.storyboard;
			sourceTree = "<group>";
		};
		08D11E2E2504FEC3008EA113 /* LaunchScreen.storyboard */ = {
			isa = PBXVariantGroup;
			children = (
				08D11E2F2504FEC3008EA113 /* Base */,
			);
			name = LaunchScreen.storyboard;
			sourceTree = "<group>";
		};
/* End PBXVariantGroup section */

/* Begin XCBuildConfiguration section */
		08D11E322504FEC3008EA113 /* Debug */ = {
			isa = XCBuildConfiguration;
			buildSettings = {
				ALWAYS_SEARCH_USER_PATHS = NO;
				CLANG_ANALYZER_NONNULL = YES;
				CLANG_ANALYZER_NUMBER_OBJECT_CONVERSION = YES_AGGRESSIVE;
				CLANG_CXX_LANGUAGE_STANDARD = "gnu++14";
				CLANG_CXX_LIBRARY = "libc++";
				CLANG_ENABLE_MODULES = YES;
				CLANG_ENABLE_OBJC_ARC = YES;
				CLANG_ENABLE_OBJC_WEAK = YES;
				CLANG_WARN_BLOCK_CAPTURE_AUTORELEASING = YES;
				CLANG_WARN_BOOL_CONVERSION = YES;
				CLANG_WARN_COMMA = YES;
				CLANG_WARN_CONSTANT_CONVERSION = YES;
				CLANG_WARN_DEPRECATED_OBJC_IMPLEMENTATIONS = YES;
				CLANG_WARN_DIRECT_OBJC_ISA_USAGE = YES_ERROR;
				CLANG_WARN_DOCUMENTATION_COMMENTS = YES;
				CLANG_WARN_EMPTY_BODY = YES;
				CLANG_WARN_ENUM_CONVERSION = YES;
				CLANG_WARN_INFINITE_RECURSION = YES;
				CLANG_WARN_INT_CONVERSION = YES;
				CLANG_WARN_NON_LITERAL_NULL_CONVERSION = YES;
				CLANG_WARN_OBJC_IMPLICIT_RETAIN_SELF = YES;
				CLANG_WARN_OBJC_LITERAL_CONVERSION = YES;
				CLANG_WARN_OBJC_ROOT_CLASS = YES_ERROR;
				CLANG_WARN_RANGE_LOOP_ANALYSIS = YES;
				CLANG_WARN_STRICT_PROTOTYPES = YES;
				CLANG_WARN_SUSPICIOUS_MOVE = YES;
				CLANG_WARN_UNGUARDED_AVAILABILITY = YES_AGGRESSIVE;
				CLANG_WARN_UNREACHABLE_CODE = YES;
				CLANG_WARN__DUPLICATE_METHOD_MATCH = YES;
				COPY_PHASE_STRIP = NO;
				DEBUG_INFORMATION_FORMAT = dwarf;
				ENABLE_STRICT_OBJC_MSGSEND = YES;
				ENABLE_TESTABILITY = YES;
				GCC_C_LANGUAGE_STANDARD = gnu11;
				GCC_DYNAMIC_NO_PIC = NO;
				GCC_NO_COMMON_BLOCKS = YES;
				GCC_OPTIMIZATION_LEVEL = 0;
				GCC_PREPROCESSOR_DEFINITIONS = (
					"DEBUG=1",
					"$(inherited)",
				);
				GCC_WARN_64_TO_32_BIT_CONVERSION = YES;
				GCC_WARN_ABOUT_RETURN_TYPE = YES_ERROR;
				GCC_WARN_UNDECLARED_SELECTOR = YES;
				GCC_WARN_UNINITIALIZED_AUTOS = YES_AGGRESSIVE;
				GCC_WARN_UNUSED_FUNCTION = YES;
				GCC_WARN_UNUSED_VARIABLE = YES;
				IPHONEOS_DEPLOYMENT_TARGET = 13.7;
				MTL_ENABLE_DEBUG_INFO = INCLUDE_SOURCE;
				MTL_FAST_MATH = YES;
				ONLY_ACTIVE_ARCH = YES;
				SDKROOT = iphoneos;
				SWIFT_ACTIVE_COMPILATION_CONDITIONS = DEBUG;
				SWIFT_OPTIMIZATION_LEVEL = "-Onone";
			};
			name = Debug;
		};
		08D11E332504FEC3008EA113 /* Release */ = {
			isa = XCBuildConfiguration;
			buildSettings = {
				ALWAYS_SEARCH_USER_PATHS = NO;
				CLANG_ANALYZER_NONNULL = YES;
				CLANG_ANALYZER_NUMBER_OBJECT_CONVERSION = YES_AGGRESSIVE;
				CLANG_CXX_LANGUAGE_STANDARD = "gnu++14";
				CLANG_CXX_LIBRARY = "libc++";
				CLANG_ENABLE_MODULES = YES;
				CLANG_ENABLE_OBJC_ARC = YES;
				CLANG_ENABLE_OBJC_WEAK = YES;
				CLANG_WARN_BLOCK_CAPTURE_AUTORELEASING = YES;
				CLANG_WARN_BOOL_CONVERSION = YES;
				CLANG_WARN_COMMA = YES;
				CLANG_WARN_CONSTANT_CONVERSION = YES;
				CLANG_WARN_DEPRECATED_OBJC_IMPLEMENTATIONS = YES;
				CLANG_WARN_DIRECT_OBJC_ISA_USAGE = YES_ERROR;
				CLANG_WARN_DOCUMENTATION_COMMENTS = YES;
				CLANG_WARN_EMPTY_BODY = YES;
				CLANG_WARN_ENUM_CONVERSION = YES;
				CLANG_WARN_INFINITE_RECURSION = YES;
				CLANG_WARN_INT_CONVERSION = YES;
				CLANG_WARN_NON_LITERAL_NULL_CONVERSION = YES;
				CLANG_WARN_OBJC_IMPLICIT_RETAIN_SELF = YES;
				CLANG_WARN_OBJC_LITERAL_CONVERSION = YES;
				CLANG_WARN_OBJC_ROOT_CLASS = YES_ERROR;
				CLANG_WARN_RANGE_LOOP_ANALYSIS = YES;
				CLANG_WARN_STRICT_PROTOTYPES = YES;
				CLANG_WARN_SUSPICIOUS_MOVE = YES;
				CLANG_WARN_UNGUARDED_AVAILABILITY = YES_AGGRESSIVE;
				CLANG_WARN_UNREACHABLE_CODE = YES;
				CLANG_WARN__DUPLICATE_METHOD_MATCH = YES;
				COPY_PHASE_STRIP = NO;
				DEBUG_INFORMATION_FORMAT = "dwarf-with-dsym";
				ENABLE_NS_ASSERTIONS = NO;
				ENABLE_STRICT_OBJC_MSGSEND = YES;
				GCC_C_LANGUAGE_STANDARD = gnu11;
				GCC_NO_COMMON_BLOCKS = YES;
				GCC_WARN_64_TO_32_BIT_CONVERSION = YES;
				GCC_WARN_ABOUT_RETURN_TYPE = YES_ERROR;
				GCC_WARN_UNDECLARED_SELECTOR = YES;
				GCC_WARN_UNINITIALIZED_AUTOS = YES_AGGRESSIVE;
				GCC_WARN_UNUSED_FUNCTION = YES;
				GCC_WARN_UNUSED_VARIABLE = YES;
				IPHONEOS_DEPLOYMENT_TARGET = 13.7;
				MTL_ENABLE_DEBUG_INFO = NO;
				MTL_FAST_MATH = YES;
				SDKROOT = iphoneos;
				SWIFT_COMPILATION_MODE = wholemodule;
				SWIFT_OPTIMIZATION_LEVEL = "-O";
				VALIDATE_PRODUCT = YES;
			};
			name = Release;
		};
		08D11E352504FEC3008EA113 /* Debug */ = {
			isa = XCBuildConfiguration;
			buildSettings = {
				ASSETCATALOG_COMPILER_APPICON_NAME = AppIcon;
				CODE_SIGN_STYLE = Automatic;
				INFOPLIST_FILE = MyDatePicker/Info.plist;
				LD_RUNPATH_SEARCH_PATHS = (
					"$(inherited)",
					"@executable_path/Frameworks",
				);
				PRODUCT_BUNDLE_IDENTIFIER = com.thoonk.MyDatePicker;
				PRODUCT_NAME = "$(TARGET_NAME)";
				SWIFT_VERSION = 5.0;
				TARGETED_DEVICE_FAMILY = "1,2";
			};
			name = Debug;
		};
		08D11E362504FEC3008EA113 /* Release */ = {
			isa = XCBuildConfiguration;
			buildSettings = {
				ASSETCATALOG_COMPILER_APPICON_NAME = AppIcon;
				CODE_SIGN_STYLE = Automatic;
				INFOPLIST_FILE = MyDatePicker/Info.plist;
				LD_RUNPATH_SEARCH_PATHS = (
					"$(inherited)",
					"@executable_path/Frameworks",
				);
				PRODUCT_BUNDLE_IDENTIFIER = com.thoonk.MyDatePicker;
				PRODUCT_NAME = "$(TARGET_NAME)";
				SWIFT_VERSION = 5.0;
				TARGETED_DEVICE_FAMILY = "1,2";
			};
			name = Release;
		};
/* End XCBuildConfiguration section */

/* Begin XCConfigurationList section */
		08D11E1B2504FEC3008EA113 /* Build configuration list for PBXProject "MyDatePicker" */ = {
			isa = XCConfigurationList;
			buildConfigurations = (
				08D11E322504FEC3008EA113 /* Debug */,
				08D11E332504FEC3008EA113 /* Release */,
			);
			defaultConfigurationIsVisible = 0;
			defaultConfigurationName = Release;
		};
		08D11E342504FEC3008EA113 /* Build configuration list for PBXNativeTarget "MyDatePicker" */ = {
			isa = XCConfigurationList;
			buildConfigurations = (
				08D11E352504FEC3008EA113 /* Debug */,
				08D11E362504FEC3008EA113 /* Release */,
			);
			defaultConfigurationIsVisible = 0;
			defaultConfigurationName = Release;
		};
/* End XCConfigurationList section */
	};
	rootObject = 08D11E182504FEC3008EA113 /* Project object */;
}
